// !$*UTF8*$!
{
	archiveVersion = 1;
	classes = {
	};
	objectVersion = 46;
	objects = {

/* Begin PBXBuildFile section */
		C6AA5EBA1E41796400E9A60D /* AppDelegate.swift in Sources */ = {isa = PBXBuildFile; fileRef = C6AA5EB91E41796400E9A60D /* AppDelegate.swift */; };
		C6AA5EBC1E41796400E9A60D /* ViewController.swift in Sources */ = {isa = PBXBuildFile; fileRef = C6AA5EBB1E41796400E9A60D /* ViewController.swift */; };
		C6AA5EBF1E41796400E9A60D /* Main.storyboard in Resources */ = {isa = PBXBuildFile; fileRef = C6AA5EBD1E41796400E9A60D /* Main.storyboard */; };
		C6AA5EC11E41796400E9A60D /* Assets.xcassets in Resources */ = {isa = PBXBuildFile; fileRef = C6AA5EC01E41796400E9A60D /* Assets.xcassets */; };
		C6AA5EC41E41796400E9A60D /* LaunchScreen.storyboard in Resources */ = {isa = PBXBuildFile; fileRef = C6AA5EC21E41796400E9A60D /* LaunchScreen.storyboard */; };
/* End PBXBuildFile section */

/* Begin PBXFileReference section */
		C6AA5EB61E41796400E9A60D /* Postacard.app */ = {isa = PBXFileReference; explicitFileType = wrapper.application; includeInIndex = 0; path = Postacard.app; sourceTree = BUILT_PRODUCTS_DIR; };
		C6AA5EB91E41796400E9A60D /* AppDelegate.swift */ = {isa = PBXFileReference; lastKnownFileType = sourcecode.swift; path = AppDelegate.swift; sourceTree = "<group>"; };
		C6AA5EBB1E41796400E9A60D /* ViewController.swift */ = {isa = PBXFileReference; lastKnownFileType = sourcecode.swift; path = ViewController.swift; sourceTree = "<group>"; };
		C6AA5EBE1E41796400E9A60D /* Base */ = {isa = PBXFileReference; lastKnownFileType = file.storyboard; name = Base; path = Base.lproj/Main.storyboard; sourceTree = "<group>"; };
		C6AA5EC01E41796400E9A60D /* Assets.xcassets */ = {isa = PBXFileReference; lastKnownFileType = folder.assetcatalog; path = Assets.xcassets; sourceTree = "<group>"; };
		C6AA5EC31E41796400E9A60D /* Base */ = {isa = PBXFileReference; lastKnownFileType = file.storyboard; name = Base; path = Base.lproj/LaunchScreen.storyboard; sourceTree = "<group>"; };
		C6AA5EC51E41796400E9A60D /* Info.plist */ = {isa = PBXFileReference; lastKnownFileType = text.plist.xml; path = Info.plist; sourceTree = "<group>"; };
/* End PBXFileReference section */

/* Begin PBXFrameworksBuildPhase section */
		C6AA5EB31E41796400E9A60D /* Frameworks */ = {
			isa = PBXFrameworksBuildPhase;
			buildActionMask = 2147483647;
			files = (
			);
			runOnlyForDeploymentPostprocessing = 0;
		};
/* End PBXFrameworksBuildPhase section */

/* Begin PBXGroup section */
		C6AA5EAD1E41796400E9A60D = {
			isa = PBXGroup;
			children = (
				C6AA5EB81E41796400E9A60D /* Postacard */,
				C6AA5EB71E41796400E9A60D /* Products */,
			);
			sourceTree = "<group>";
		};
		C6AA5EB71E41796400E9A60D /* Products */ = {
			isa = PBXGroup;
			children = (
				C6AA5EB61E41796400E9A60D /* Postacard.app */,
			);
			name = Products;
			sourceTree = "<group>";
		};
		C6AA5EB81E41796400E9A60D /* Postacard */ = {
			isa = PBXGroup;
			children = (
				C6AA5EB91E41796400E9A60D /* AppDelegate.swift */,
				C6AA5EBB1E41796400E9A60D /* ViewController.swift */,
				C6AA5EBD1E41796400E9A60D /* Main.storyboard */,
				C6AA5EC01E41796400E9A60D /* Assets.xcassets */,
				C6AA5EC21E41796400E9A60D /* LaunchScreen.storyboard */,
				C6AA5EC51E41796400E9A60D /* Info.plist */,
			);
			path = Postacard;
			sourceTree = "<group>";
		};
/* End PBXGroup section */

/* Begin PBXNativeTarget section */
		C6AA5EB51E41796400E9A60D /* Postacard */ = {
			isa = PBXNativeTarget;
			buildConfigurationList = C6AA5EC81E41796400E9A60D /* Build configuration list for PBXNativeTarget "Postacard" */;
			buildPhases = (
				C6AA5EB21E41796400E9A60D /* Sources */,
				C6AA5EB31E41796400E9A60D /* Frameworks */,
				C6AA5EB41E41796400E9A60D /* Resources */,
			);
			buildRules = (
			);
			dependencies = (
			);
			name = Postacard;
			productName = Postacard;
			productReference = C6AA5EB61E41796400E9A60D /* Postacard.app */;
			productType = "com.apple.product-type.application";
		};
/* End PBXNativeTarget section */

/* Begin PBXProject section */
		C6AA5EAE1E41796400E9A60D /* Project object */ = {
			isa = PBXProject;
			attributes = {
				LastSwiftUpdateCheck = 0820;
				LastUpgradeCheck = 0820;
				ORGANIZATIONNAME = "Gaurav Saraf";
				TargetAttributes = {
					C6AA5EB51E41796400E9A60D = {
						CreatedOnToolsVersion = 8.2.1;
						DevelopmentTeam = YBP3LRB395;
						ProvisioningStyle = Automatic;
					};
				};
			};
			buildConfigurationList = C6AA5EB11E41796400E9A60D /* Build configuration list for PBXProject "Postacard" */;
			compatibilityVersion = "Xcode 3.2";
			developmentRegion = English;
			hasScannedForEncodings = 0;
			knownRegions = (
				en,
				Base,
			);
			mainGroup = C6AA5EAD1E41796400E9A60D;
			productRefGroup = C6AA5EB71E41796400E9A60D /* Products */;
			projectDirPath = "";
			projectRoot = "";
			targets = (
				C6AA5EB51E41796400E9A60D /* Postacard */,
			);
		};
/* End PBXProject section */

/* Begin PBXResourcesBuildPhase section */
		C6AA5EB41E41796400E9A60D /* Resources */ = {
			isa = PBXResourcesBuildPhase;
			buildActionMask = 2147483647;
			files = (
				C6AA5EC41E41796400E9A60D /* LaunchScreen.storyboard in Resources */,
				C6AA5EC11E41796400E9A60D /* Assets.xcassets in Resources */,
				C6AA5EBF1E41796400E9A60D /* Main.storyboard in Resources */,
			);
			runOnlyForDeploymentPostprocessing = 0;
		};
/* End PBXResourcesBuildPhase section */

/* Begin PBXSourcesBuildPhase section */
		C6AA5EB21E41796400E9A60D /* Sources */ = {
			isa = PBXSourcesBuildPhase;
			buildActionMask = 2147483647;
			files = (
				C6AA5EBC1E41796400E9A60D /* ViewController.swift in Sources */,
				C6AA5EBA1E41796400E9A60D /* AppDelegate.swift in Sources */,
			);
			runOnlyForDeploymentPostprocessing = 0;
		};
/* End PBXSourcesBuildPhase section */

/* Begin PBXVariantGroup section */
		C6AA5EBD1E41796400E9A60D /* Main.storyboard */ = {
			isa = PBXVariantGroup;
			children = (
				C6AA5EBE1E41796400E9A60D /* Base */,
			);
			name = Main.storyboard;
			sourceTree = "<group>";
		};
		C6AA5EC21E41796400E9A60D /* LaunchScreen.storyboard */ = {
			isa = PBXVariantGroup;
			children = (
				C6AA5EC31E41796400E9A60D /* Base */,
			);
			name = LaunchScreen.storyboard;
			sourceTree = "<group>";
		};
/* End PBXVariantGroup section */

/* Begin XCBuildConfiguration section */
		C6AA5EC61E41796400E9A60D /* Debug */ = {
			isa = XCBuildConfiguration;
			buildSettings = {
				ALWAYS_SEARCH_USER_PATHS = NO;
				CLANG_ANALYZER_NONNULL = YES;
				CLANG_CXX_LANGUAGE_STANDARD = "gnu++0x";
				CLANG_CXX_LIBRARY = "libc++";
				CLANG_ENABLE_MODULES = YES;
				CLANG_ENABLE_OBJC_ARC = YES;
				CLANG_WARN_BOOL_CONVERSION = YES;
				CLANG_WARN_CONSTANT_CONVERSION = YES;
				CLANG_WARN_DIRECT_OBJC_ISA_USAGE = YES_ERROR;
				CLANG_WARN_DOCUMENTATION_COMMENTS = YES;
				CLANG_WARN_EMPTY_BODY = YES;
				CLANG_WARN_ENUM_CONVERSION = YES;
				CLANG_WARN_INFINITE_RECURSION = YES;
				CLANG_WARN_INT_CONVERSION = YES;
				CLANG_WARN_OBJC_ROOT_CLASS = YES_ERROR;
				CLANG_WARN_SUSPICIOUS_MOVE = YES;
				CLANG_WARN_UNREACHABLE_CODE = YES;
				CLANG_WARN__DUPLICATE_METHOD_MATCH = YES;
				"CODE_SIGN_IDENTITY[sdk=iphoneos*]" = "iPhone Developer";
				COPY_PHASE_STRIP = NO;
				DEBUG_INFORMATION_FORMAT = dwarf;
				ENABLE_STRICT_OBJC_MSGSEND = YES;
				ENABLE_TESTABILITY = YES;
				GCC_C_LANGUAGE_STANDARD = gnu99;
				GCC_DYNAMIC_NO_PIC = NO;
				GCC_NO_COMMON_BLOCKS = YES;
				GCC_OPTIMIZATION_LEVEL = 0;
				GCC_PREPROCESSOR_DEFINITIONS = (
					"DEBUG=1",
					"$(inherited)",
				);
				GCC_WARN_64_TO_32_BIT_CONVERSION = YES;
				GCC_WARN_ABOUT_RETURN_TYPE = YES_ERROR;
				GCC_WARN_UNDECLARED_SELECTOR = YES;
				GCC_WARN_UNINITIALIZED_AUTOS = YES_AGGRESSIVE;
				GCC_WARN_UNUSED_FUNCTION = YES;
				GCC_WARN_UNUSED_VARIABLE = YES;
				IPHONEOS_DEPLOYMENT_TARGET = 10.2;
				MTL_ENABLE_DEBUG_INFO = YES;
				ONLY_ACTIVE_ARCH = YES;
				SDKROOT = iphoneos;
				SWIFT_ACTIVE_COMPILATION_CONDITIONS = DEBUG;
				SWIFT_OPTIMIZATION_LEVEL = "-Onone";
			};
			name = Debug;
		};
		C6AA5EC71E41796400E9A60D /* Release */ = {
			isa = XCBuildConfiguration;
			buildSettings = {
				ALWAYS_SEARCH_USER_PATHS = NO;
				CLANG_ANALYZER_NONNULL = YES;
				CLANG_CXX_LANGUAGE_STANDARD = "gnu++0x";
				CLANG_CXX_LIBRARY = "libc++";
				CLANG_ENABLE_MODULES = YES;
				CLANG_ENABLE_OBJC_ARC = YES;
				CLANG_WARN_BOOL_CONVERSION = YES;
				CLANG_WARN_CONSTANT_CONVERSION = YES;
				CLANG_WARN_DIRECT_OBJC_ISA_USAGE = YES_ERROR;
				CLANG_WARN_DOCUMENTATION_COMMENTS = YES;
				CLANG_WARN_EMPTY_BODY = YES;
				CLANG_WARN_ENUM_CONVERSION = YES;
				CLANG_WARN_INFINITE_RECURSION = YES;
				CLANG_WARN_INT_CONVERSION = YES;
				CLANG_WARN_OBJC_ROOT_CLASS = YES_ERROR;
				CLANG_WARN_SUSPICIOUS_MOVE = YES;
				CLANG_WARN_UNREACHABLE_CODE = YES;
				CLANG_WARN__DUPLICATE_METHOD_MATCH = YES;
				"CODE_SIGN_IDENTITY[sdk=iphoneos*]" = "iPhone Developer";
				COPY_PHASE_STRIP = NO;
				DEBUG_INFORMATION_FORMAT = "dwarf-with-dsym";
				ENABLE_NS_ASSERTIONS = NO;
				ENABLE_STRICT_OBJC_MSGSEND = YES;
				GCC_C_LANGUAGE_STANDARD = gnu99;
				GCC_NO_COMMON_BLOCKS = YES;
				GCC_WARN_64_TO_32_BIT_CONVERSION = YES;
				GCC_WARN_ABOUT_RETURN_TYPE = YES_ERROR;
				GCC_WARN_UNDECLARED_SELECTOR = YES;
				GCC_WARN_UNINITIALIZED_AUTOS = YES_AGGRESSIVE;
				GCC_WARN_UNUSED_FUNCTION = YES;
				GCC_WARN_UNUSED_VARIABLE = YES;
				IPHONEOS_DEPLOYMENT_TARGET = 10.2;
				MTL_ENABLE_DEBUG_INFO = NO;
				SDKROOT = iphoneos;
				SWIFT_OPTIMIZATION_LEVEL = "-Owholemodule";
				VALIDATE_PRODUCT = YES;
			};
			name = Release;
		};
		C6AA5EC91E41796400E9A60D /* Debug */ = {
			isa = XCBuildConfiguration;
			buildSettings = {
				ASSETCATALOG_COMPILER_APPICON_NAME = AppIcon;
				DEVELOPMENT_TEAM = YBP3LRB395;
				INFOPLIST_FILE = Postacard/Info.plist;
				LD_RUNPATH_SEARCH_PATHS = "$(inherited) @executable_path/Frameworks";
				PRODUCT_BUNDLE_IDENTIFIER = com.saraf.Postacard;
				PRODUCT_NAME = "$(TARGET_NAME)";
				SWIFT_VERSION = 3.0;
			};
			name = Debug;
		};
		C6AA5ECA1E41796400E9A60D /* Release */ = {
			isa = XCBuildConfiguration;
			buildSettings = {
				ASSETCATALOG_COMPILER_APPICON_NAME = AppIcon;
				DEVELOPMENT_TEAM = YBP3LRB395;
				INFOPLIST_FILE = Postacard/Info.plist;
				LD_RUNPATH_SEARCH_PATHS = "$(inherited) @executable_path/Frameworks";
				PRODUCT_BUNDLE_IDENTIFIER = com.saraf.Postacard;
				PRODUCT_NAME = "$(TARGET_NAME)";
				SWIFT_VERSION = 3.0;
			};
			name = Release;
		};
/* End XCBuildConfiguration section */

/* Begin XCConfigurationList section */
		C6AA5EB11E41796400E9A60D /* Build configuration list for PBXProject "Postacard" */ = {
			isa = XCConfigurationList;
			buildConfigurations = (
				C6AA5EC61E41796400E9A60D /* Debug */,
				C6AA5EC71E41796400E9A60D /* Release */,
			);
			defaultConfigurationIsVisible = 0;
			defaultConfigurationName = Release;
		};
		C6AA5EC81E41796400E9A60D /* Build configuration list for PBXNativeTarget "Postacard" */ = {
			isa = XCConfigurationList;
			buildConfigurations = (
				C6AA5EC91E41796400E9A60D /* Debug */,
				C6AA5ECA1E41796400E9A60D /* Release */,
			);
			defaultConfigurationIsVisible = 0;
		};
/* End XCConfigurationList section */
	};
	rootObject = C6AA5EAE1E41796400E9A60D /* Project object */;
}
